
Microsoft Visual Studio Solution File, Format Version 12.00
# Visual Studio Version 17
VisualStudioVersion = 17.1.32421.90
MinimumVisualStudioVersion = 10.0.40219.1
Project("{9A19103F-16F7-4668-BE54-9A1E7A4F7556}") = "LintCoder.Gateway", "LintCoder.Gateway\LintCoder.Gateway.csproj", "{16D27891-3F77-4464-AED9-E271D453698C}"
EndProject
Project("{2150E333-8FDC-42A3-9474-1A3956D46DE8}") = "ApiGateways", "ApiGateways", "{02E8DE51-2958-4529-B78B-5F33819C8889}"
EndProject
Project("{2150E333-8FDC-42A3-9474-1A3956D46DE8}") = "Services", "Services", "{0F3FACC0-7DC4-4BBB-A7FA-245A722B70AC}"
EndProject
Project("{2150E333-8FDC-42A3-9474-1A3956D46DE8}") = "Shared", "Shared", "{8713CC41-6B6B-497B-97AC-B84E0050080B}"
EndProject
Project("{2150E333-8FDC-42A3-9474-1A3956D46DE8}") = "Identity", "Identity", "{37F7BCD7-2E30-48B2-AD32-1BD7F31B969D}"
EndProject
Project("{9A19103F-16F7-4668-BE54-9A1E7A4F7556}") = "LintCoder.Identity.API", "LintCoder.Identity.API\LintCoder.Identity.API.csproj", "{A95E6A48-6CBD-4F0C-A51A-ECA760A3D483}"
EndProject
Project("{2150E333-8FDC-42A3-9474-1A3956D46DE8}") = "Test", "Test", "{9ECC9F96-6825-40B6-A2A0-7AC4935EE289}"
EndProject
Project("{2150E333-8FDC-42A3-9474-1A3956D46DE8}") = "Solution Items", "Solution Items", "{8D93A597-3B8A-4B1F-A18C-14247724D8E5}"
	ProjectSection(SolutionItems) = preProject
		.editorconfig = .editorconfig
	EndProjectSection
EndProject
Project("{9A19103F-16F7-4668-BE54-9A1E7A4F7556}") = "LintCoder.Identity.Infrastructure", "LintCoder.Identity.Infrastructure\LintCoder.Identity.Infrastructure.csproj", "{06376DAA-2B3A-4829-A433-859937A4C2E9}"
EndProject
Project("{9A19103F-16F7-4668-BE54-9A1E7A4F7556}") = "LintCoder.Identity.Domain", "LintCoder.Identity.Domain\LintCoder.Identity.Domain.csproj", "{03BBDB6B-C6DD-4528-908B-A2607C2DBBE8}"
EndProject
Project("{9A19103F-16F7-4668-BE54-9A1E7A4F7556}") = "LintCoder.Shared.Authorization", "LintCoder.Shared.Authorization\LintCoder.Shared.Authorization.csproj", "{7EE1031F-7711-4969-9309-C3A650293FB6}"
EndProject
Project("{9A19103F-16F7-4668-BE54-9A1E7A4F7556}") = "LintCoder.Shared.MongoDB", "LintCoder.Shared.MongoDB\LintCoder.Shared.MongoDB.csproj", "{02200122-A42D-48AC-85AE-C1D891448C76}"
EndProject
Project("{9A19103F-16F7-4668-BE54-9A1E7A4F7556}") = "LintCoder.Shared.EasyNetQ", "LintCoder.Shared.EasyNetQ\LintCoder.Shared.EasyNetQ.csproj", "{1EFB390A-3D87-46C5-BDA3-E58FA63B99E7}"
EndProject
Project("{9A19103F-16F7-4668-BE54-9A1E7A4F7556}") = "LintCoder.Shared.EasyNetQ.Test", "LintCoder.Shared.EasyNetQ.Test\LintCoder.Shared.EasyNetQ.Test.csproj", "{87874174-7045-4DF0-A6BF-81083691E035}"
EndProject
Project("{9A19103F-16F7-4668-BE54-9A1E7A4F7556}") = "LintCoder.Shared.MongoDB.Test", "LintCoder.Shared.MongoDB.Test\LintCoder.Shared.MongoDB.Test.csproj", "{7C3601FA-A409-465E-9148-4F5335E86A43}"
EndProject
Project("{2150E333-8FDC-42A3-9474-1A3956D46DE8}") = "EventBus", "EventBus", "{2CFE6765-057C-45F6-AF4B-4D3C06525705}"
EndProject
Project("{9A19103F-16F7-4668-BE54-9A1E7A4F7556}") = "LintCoder.EventBus", "LintCoder.EventBus\LintCoder.EventBus.csproj", "{929992FA-9417-4113-9B02-50FD65346FDE}"
EndProject
Project("{9A19103F-16F7-4668-BE54-9A1E7A4F7556}") = "LintCoder.EventBus.RabbitMQ", "LintCoder.EventBus.RabbitMQ\LintCoder.EventBus.RabbitMQ.csproj", "{D506D096-8A65-42AA-A622-A8D4D970F3E6}"
EndProject
Project("{9A19103F-16F7-4668-BE54-9A1E7A4F7556}") = "LintCoder.EventBus.Dapr", "LintCoder.EventBus.Dapr\LintCoder.EventBus.Dapr.csproj", "{C60A1739-9A4D-4514-B3D5-8274FB840D4B}"
EndProject
Project("{9A19103F-16F7-4668-BE54-9A1E7A4F7556}") = "LintCoder.EventBus.Test", "LintCoder.EventBus.Test\LintCoder.EventBus.Test.csproj", "{B505DE42-5237-4B04-A2BD-5A2ECB627C21}"
EndProject
Project("{9A19103F-16F7-4668-BE54-9A1E7A4F7556}") = "LintCoder.Shared.Auditing", "LintCoder.Shared.Auditing\LintCoder.Shared.Auditing.csproj", "{FBEA63C2-15DE-4866-8E74-D7B3EEF4D5AE}"
EndProject
Project("{2150E333-8FDC-42A3-9474-1A3956D46DE8}") = "Core", "Core", "{FE97B8E8-E845-4705-BC31-B7D4A169ADD3}"
EndProject
Project("{9A19103F-16F7-4668-BE54-9A1E7A4F7556}") = "LintCoder.Application", "LintCoder.Application\LintCoder.Application.csproj", "{037EB9BF-07DA-49D4-9694-7910038EA488}"
EndProject
Project("{9A19103F-16F7-4668-BE54-9A1E7A4F7556}") = "LintCoder.Infrastructure", "LintCoder.Infrastructure\LintCoder.Infrastructure.csproj", "{EB1FE64F-5A84-4CCB-B698-7CEB965F0CFB}"
EndProject
Project("{FAE04EC0-301F-11D3-BF4B-00C04F79EFBC}") = "LintCoder.Domain", "LintCoder.Domain\LintCoder.Domain.csproj", "{9254A761-418A-48E2-966E-29FF2A89C3D6}"
EndProject
Global
	GlobalSection(SolutionConfigurationPlatforms) = preSolution
		Debug|Any CPU = Debug|Any CPU
		Release|Any CPU = Release|Any CPU
	EndGlobalSection
	GlobalSection(ProjectConfigurationPlatforms) = postSolution
		{16D27891-3F77-4464-AED9-E271D453698C}.Debug|Any CPU.ActiveCfg = Debug|Any CPU
		{16D27891-3F77-4464-AED9-E271D453698C}.Debug|Any CPU.Build.0 = Debug|Any CPU
		{16D27891-3F77-4464-AED9-E271D453698C}.Release|Any CPU.ActiveCfg = Release|Any CPU
		{16D27891-3F77-4464-AED9-E271D453698C}.Release|Any CPU.Build.0 = Release|Any CPU
		{A95E6A48-6CBD-4F0C-A51A-ECA760A3D483}.Debug|Any CPU.ActiveCfg = Debug|Any CPU
		{A95E6A48-6CBD-4F0C-A51A-ECA760A3D483}.Debug|Any CPU.Build.0 = Debug|Any CPU
		{A95E6A48-6CBD-4F0C-A51A-ECA760A3D483}.Release|Any CPU.ActiveCfg = Release|Any CPU
		{A95E6A48-6CBD-4F0C-A51A-ECA760A3D483}.Release|Any CPU.Build.0 = Release|Any CPU
		{06376DAA-2B3A-4829-A433-859937A4C2E9}.Debug|Any CPU.ActiveCfg = Debug|Any CPU
		{06376DAA-2B3A-4829-A433-859937A4C2E9}.Debug|Any CPU.Build.0 = Debug|Any CPU
		{06376DAA-2B3A-4829-A433-859937A4C2E9}.Release|Any CPU.ActiveCfg = Release|Any CPU
		{06376DAA-2B3A-4829-A433-859937A4C2E9}.Release|Any CPU.Build.0 = Release|Any CPU
		{03BBDB6B-C6DD-4528-908B-A2607C2DBBE8}.Debug|Any CPU.ActiveCfg = Debug|Any CPU
		{03BBDB6B-C6DD-4528-908B-A2607C2DBBE8}.Debug|Any CPU.Build.0 = Debug|Any CPU
		{03BBDB6B-C6DD-4528-908B-A2607C2DBBE8}.Release|Any CPU.ActiveCfg = Release|Any CPU
		{03BBDB6B-C6DD-4528-908B-A2607C2DBBE8}.Release|Any CPU.Build.0 = Release|Any CPU
		{7EE1031F-7711-4969-9309-C3A650293FB6}.Debug|Any CPU.ActiveCfg = Debug|Any CPU
		{7EE1031F-7711-4969-9309-C3A650293FB6}.Debug|Any CPU.Build.0 = Debug|Any CPU
		{7EE1031F-7711-4969-9309-C3A650293FB6}.Release|Any CPU.ActiveCfg = Release|Any CPU
		{7EE1031F-7711-4969-9309-C3A650293FB6}.Release|Any CPU.Build.0 = Release|Any CPU
		{02200122-A42D-48AC-85AE-C1D891448C76}.Debug|Any CPU.ActiveCfg = Debug|Any CPU
		{02200122-A42D-48AC-85AE-C1D891448C76}.Debug|Any CPU.Build.0 = Debug|Any CPU
		{02200122-A42D-48AC-85AE-C1D891448C76}.Release|Any CPU.ActiveCfg = Release|Any CPU
		{02200122-A42D-48AC-85AE-C1D891448C76}.Release|Any CPU.Build.0 = Release|Any CPU
		{1EFB390A-3D87-46C5-BDA3-E58FA63B99E7}.Debug|Any CPU.ActiveCfg = Debug|Any CPU
		{1EFB390A-3D87-46C5-BDA3-E58FA63B99E7}.Debug|Any CPU.Build.0 = Debug|Any CPU
		{1EFB390A-3D87-46C5-BDA3-E58FA63B99E7}.Release|Any CPU.ActiveCfg = Release|Any CPU
		{1EFB390A-3D87-46C5-BDA3-E58FA63B99E7}.Release|Any CPU.Build.0 = Release|Any CPU
		{87874174-7045-4DF0-A6BF-81083691E035}.Debug|Any CPU.ActiveCfg = Debug|Any CPU
		{87874174-7045-4DF0-A6BF-81083691E035}.Debug|Any CPU.Build.0 = Debug|Any CPU
		{87874174-7045-4DF0-A6BF-81083691E035}.Release|Any CPU.ActiveCfg = Release|Any CPU
		{87874174-7045-4DF0-A6BF-81083691E035}.Release|Any CPU.Build.0 = Release|Any CPU
		{7C3601FA-A409-465E-9148-4F5335E86A43}.Debug|Any CPU.ActiveCfg = Debug|Any CPU
		{7C3601FA-A409-465E-9148-4F5335E86A43}.Debug|Any CPU.Build.0 = Debug|Any CPU
		{7C3601FA-A409-465E-9148-4F5335E86A43}.Release|Any CPU.ActiveCfg = Release|Any CPU
		{7C3601FA-A409-465E-9148-4F5335E86A43}.Release|Any CPU.Build.0 = Release|Any CPU
		{929992FA-9417-4113-9B02-50FD65346FDE}.Debug|Any CPU.ActiveCfg = Debug|Any CPU
		{929992FA-9417-4113-9B02-50FD65346FDE}.Debug|Any CPU.Build.0 = Debug|Any CPU
		{929992FA-9417-4113-9B02-50FD65346FDE}.Release|Any CPU.ActiveCfg = Release|Any CPU
		{929992FA-9417-4113-9B02-50FD65346FDE}.Release|Any CPU.Build.0 = Release|Any CPU
		{D506D096-8A65-42AA-A622-A8D4D970F3E6}.Debug|Any CPU.ActiveCfg = Debug|Any CPU
		{D506D096-8A65-42AA-A622-A8D4D970F3E6}.Debug|Any CPU.Build.0 = Debug|Any CPU
		{D506D096-8A65-42AA-A622-A8D4D970F3E6}.Release|Any CPU.ActiveCfg = Release|Any CPU
		{D506D096-8A65-42AA-A622-A8D4D970F3E6}.Release|Any CPU.Build.0 = Release|Any CPU
		{C60A1739-9A4D-4514-B3D5-8274FB840D4B}.Debug|Any CPU.ActiveCfg = Debug|Any CPU
		{C60A1739-9A4D-4514-B3D5-8274FB840D4B}.Debug|Any CPU.Build.0 = Debug|Any CPU
		{C60A1739-9A4D-4514-B3D5-8274FB840D4B}.Release|Any CPU.ActiveCfg = Release|Any CPU
		{C60A1739-9A4D-4514-B3D5-8274FB840D4B}.Release|Any CPU.Build.0 = Release|Any CPU
		{B505DE42-5237-4B04-A2BD-5A2ECB627C21}.Debug|Any CPU.ActiveCfg = Debug|Any CPU
		{B505DE42-5237-4B04-A2BD-5A2ECB627C21}.Debug|Any CPU.Build.0 = Debug|Any CPU
		{B505DE42-5237-4B04-A2BD-5A2ECB627C21}.Release|Any CPU.ActiveCfg = Release|Any CPU
		{B505DE42-5237-4B04-A2BD-5A2ECB627C21}.Release|Any CPU.Build.0 = Release|Any CPU
		{FBEA63C2-15DE-4866-8E74-D7B3EEF4D5AE}.Debug|Any CPU.ActiveCfg = Debug|Any CPU
		{FBEA63C2-15DE-4866-8E74-D7B3EEF4D5AE}.Debug|Any CPU.Build.0 = Debug|Any CPU
		{FBEA63C2-15DE-4866-8E74-D7B3EEF4D5AE}.Release|Any CPU.ActiveCfg = Release|Any CPU
		{FBEA63C2-15DE-4866-8E74-D7B3EEF4D5AE}.Release|Any CPU.Build.0 = Release|Any CPU
		{037EB9BF-07DA-49D4-9694-7910038EA488}.Debug|Any CPU.ActiveCfg = Debug|Any CPU
		{037EB9BF-07DA-49D4-9694-7910038EA488}.Debug|Any CPU.Build.0 = Debug|Any CPU
		{037EB9BF-07DA-49D4-9694-7910038EA488}.Release|Any CPU.ActiveCfg = Release|Any CPU
		{037EB9BF-07DA-49D4-9694-7910038EA488}.Release|Any CPU.Build.0 = Release|Any CPU
		{EB1FE64F-5A84-4CCB-B698-7CEB965F0CFB}.Debug|Any CPU.ActiveCfg = Debug|Any CPU
		{EB1FE64F-5A84-4CCB-B698-7CEB965F0CFB}.Debug|Any CPU.Build.0 = Debug|Any CPU
		{EB1FE64F-5A84-4CCB-B698-7CEB965F0CFB}.Release|Any CPU.ActiveCfg = Release|Any CPU
		{EB1FE64F-5A84-4CCB-B698-7CEB965F0CFB}.Release|Any CPU.Build.0 = Release|Any CPU
		{9254A761-418A-48E2-966E-29FF2A89C3D6}.Debug|Any CPU.ActiveCfg = Debug|Any CPU
		{9254A761-418A-48E2-966E-29FF2A89C3D6}.Debug|Any CPU.Build.0 = Debug|Any CPU
		{9254A761-418A-48E2-966E-29FF2A89C3D6}.Release|Any CPU.ActiveCfg = Release|Any CPU
		{9254A761-418A-48E2-966E-29FF2A89C3D6}.Release|Any CPU.Build.0 = Release|Any CPU
	EndGlobalSection
	GlobalSection(SolutionProperties) = preSolution
		HideSolutionNode = FALSE
	EndGlobalSection
	GlobalSection(NestedProjects) = preSolution
		{16D27891-3F77-4464-AED9-E271D453698C} = {02E8DE51-2958-4529-B78B-5F33819C8889}
		{37F7BCD7-2E30-48B2-AD32-1BD7F31B969D} = {0F3FACC0-7DC4-4BBB-A7FA-245A722B70AC}
		{A95E6A48-6CBD-4F0C-A51A-ECA760A3D483} = {37F7BCD7-2E30-48B2-AD32-1BD7F31B969D}
		{06376DAA-2B3A-4829-A433-859937A4C2E9} = {37F7BCD7-2E30-48B2-AD32-1BD7F31B969D}
		{03BBDB6B-C6DD-4528-908B-A2607C2DBBE8} = {37F7BCD7-2E30-48B2-AD32-1BD7F31B969D}
		{7EE1031F-7711-4969-9309-C3A650293FB6} = {8713CC41-6B6B-497B-97AC-B84E0050080B}
		{02200122-A42D-48AC-85AE-C1D891448C76} = {8713CC41-6B6B-497B-97AC-B84E0050080B}
		{1EFB390A-3D87-46C5-BDA3-E58FA63B99E7} = {8713CC41-6B6B-497B-97AC-B84E0050080B}
		{87874174-7045-4DF0-A6BF-81083691E035} = {9ECC9F96-6825-40B6-A2A0-7AC4935EE289}
		{7C3601FA-A409-465E-9148-4F5335E86A43} = {9ECC9F96-6825-40B6-A2A0-7AC4935EE289}
		{929992FA-9417-4113-9B02-50FD65346FDE} = {2CFE6765-057C-45F6-AF4B-4D3C06525705}
		{D506D096-8A65-42AA-A622-A8D4D970F3E6} = {2CFE6765-057C-45F6-AF4B-4D3C06525705}
		{C60A1739-9A4D-4514-B3D5-8274FB840D4B} = {2CFE6765-057C-45F6-AF4B-4D3C06525705}
		{B505DE42-5237-4B04-A2BD-5A2ECB627C21} = {9ECC9F96-6825-40B6-A2A0-7AC4935EE289}
		{FBEA63C2-15DE-4866-8E74-D7B3EEF4D5AE} = {8713CC41-6B6B-497B-97AC-B84E0050080B}
		{037EB9BF-07DA-49D4-9694-7910038EA488} = {FE97B8E8-E845-4705-BC31-B7D4A169ADD3}
		{EB1FE64F-5A84-4CCB-B698-7CEB965F0CFB} = {FE97B8E8-E845-4705-BC31-B7D4A169ADD3}
		{9254A761-418A-48E2-966E-29FF2A89C3D6} = {FE97B8E8-E845-4705-BC31-B7D4A169ADD3}
	EndGlobalSection
	GlobalSection(ExtensibilityGlobals) = postSolution
		SolutionGuid = {301A9A64-9B60-49E8-9532-D2BBD210C4AD}
	EndGlobalSection
EndGlobal
