
Microsoft Visual Studio Solution File, Format Version 12.00
# Visual Studio Version 17
VisualStudioVersion = 17.1.32421.90
MinimumVisualStudioVersion = 10.0.40219.1
Project("{9A19103F-16F7-4668-BE54-9A1E7A4F7556}") = "LintCoder.Gateway", "LintCoder.Gateway\LintCoder.Gateway.csproj", "{16D27891-3F77-4464-AED9-E271D453698C}"
EndProject
Project("{2150E333-8FDC-42A3-9474-1A3956D46DE8}") = "ApiGateways", "ApiGateways", "{02E8DE51-2958-4529-B78B-5F33819C8889}"
EndProject
Project("{2150E333-8FDC-42A3-9474-1A3956D46DE8}") = "Services", "Services", "{0F3FACC0-7DC4-4BBB-A7FA-245A722B70AC}"
EndProject
Project("{2150E333-8FDC-42A3-9474-1A3956D46DE8}") = "Shared", "Shared", "{8713CC41-6B6B-497B-97AC-B84E0050080B}"
EndProject
Project("{2150E333-8FDC-42A3-9474-1A3956D46DE8}") = "Identity", "Identity", "{37F7BCD7-2E30-48B2-AD32-1BD7F31B969D}"
EndProject
Project("{9A19103F-16F7-4668-BE54-9A1E7A4F7556}") = "LintCoder.Identity.API", "LintCoder.Identity.API\LintCoder.Identity.API.csproj", "{A95E6A48-6CBD-4F0C-A51A-ECA760A3D483}"
EndProject
Project("{2150E333-8FDC-42A3-9474-1A3956D46DE8}") = "Test", "Test", "{9ECC9F96-6825-40B6-A2A0-7AC4935EE289}"
EndProject
Project("{9A19103F-16F7-4668-BE54-9A1E7A4F7556}") = "Lintcoder.Base", "Lintcoder.Base\Lintcoder.Base.csproj", "{1C46AAD0-4A35-4EE4-846F-CFB8342F01D1}"
EndProject
Project("{2150E333-8FDC-42A3-9474-1A3956D46DE8}") = "Solution Items", "Solution Items", "{8D93A597-3B8A-4B1F-A18C-14247724D8E5}"
	ProjectSection(SolutionItems) = preProject
		.editorconfig = .editorconfig
	EndProjectSection
EndProject
Project("{9A19103F-16F7-4668-BE54-9A1E7A4F7556}") = "LintCoder.Identity.Infrastructure", "LintCoder.Identity.Infrastructure\LintCoder.Identity.Infrastructure.csproj", "{06376DAA-2B3A-4829-A433-859937A4C2E9}"
EndProject
Project("{9A19103F-16F7-4668-BE54-9A1E7A4F7556}") = "LintCoder.Identity.Domain", "LintCoder.Identity.Core\LintCoder.Identity.Domain.csproj", "{03BBDB6B-C6DD-4528-908B-A2607C2DBBE8}"
EndProject
Project("{9A19103F-16F7-4668-BE54-9A1E7A4F7556}") = "LintCoder.Shared.Authorization", "LintCoder.Shared.Authorization\LintCoder.Shared.Authorization.csproj", "{7EE1031F-7711-4969-9309-C3A650293FB6}"
EndProject
Project("{9A19103F-16F7-4668-BE54-9A1E7A4F7556}") = "LintCoder.Shared", "LintCoder.Shared\LintCoder.Shared.csproj", "{FC2AE691-D636-439E-80B3-D1DF10CCEE8E}"
EndProject
Project("{9A19103F-16F7-4668-BE54-9A1E7A4F7556}") = "LintCoder.Shared.Authentication", "LintCoder.Shared.Authentication\LintCoder.Shared.Authentication.csproj", "{436C457D-67BA-481D-9B4A-862EE7C96B55}"
EndProject
Project("{2150E333-8FDC-42A3-9474-1A3956D46DE8}") = "Infrastructure", "Infrastructure", "{4CEE225E-11BA-49CF-A4BC-B2D3EA85C383}"
EndProject
Project("{9A19103F-16F7-4668-BE54-9A1E7A4F7556}") = "LintCoder.Consul", "LintCoder.Consul\LintCoder.Consul.csproj", "{C21A991D-A1F8-4020-AFB8-0C6944929DEC}"
EndProject
Project("{9A19103F-16F7-4668-BE54-9A1E7A4F7556}") = "LintCoder.EventBus", "LintCoder.EventBus\LintCoder.EventBus.csproj", "{545D2BA6-DEA4-4214-BE53-6C4B245E6251}"
EndProject
Project("{FAE04EC0-301F-11D3-BF4B-00C04F79EFBC}") = "LintCoder.Shared.MongoDB", "LintCoder.Shared.MongoDB\LintCoder.Shared.MongoDB.csproj", "{02200122-A42D-48AC-85AE-C1D891448C76}"
EndProject
Global
	GlobalSection(SolutionConfigurationPlatforms) = preSolution
		Debug|Any CPU = Debug|Any CPU
		Release|Any CPU = Release|Any CPU
	EndGlobalSection
	GlobalSection(ProjectConfigurationPlatforms) = postSolution
		{16D27891-3F77-4464-AED9-E271D453698C}.Debug|Any CPU.ActiveCfg = Debug|Any CPU
		{16D27891-3F77-4464-AED9-E271D453698C}.Debug|Any CPU.Build.0 = Debug|Any CPU
		{16D27891-3F77-4464-AED9-E271D453698C}.Release|Any CPU.ActiveCfg = Release|Any CPU
		{16D27891-3F77-4464-AED9-E271D453698C}.Release|Any CPU.Build.0 = Release|Any CPU
		{A95E6A48-6CBD-4F0C-A51A-ECA760A3D483}.Debug|Any CPU.ActiveCfg = Debug|Any CPU
		{A95E6A48-6CBD-4F0C-A51A-ECA760A3D483}.Debug|Any CPU.Build.0 = Debug|Any CPU
		{A95E6A48-6CBD-4F0C-A51A-ECA760A3D483}.Release|Any CPU.ActiveCfg = Release|Any CPU
		{A95E6A48-6CBD-4F0C-A51A-ECA760A3D483}.Release|Any CPU.Build.0 = Release|Any CPU
		{1C46AAD0-4A35-4EE4-846F-CFB8342F01D1}.Debug|Any CPU.ActiveCfg = Debug|Any CPU
		{1C46AAD0-4A35-4EE4-846F-CFB8342F01D1}.Debug|Any CPU.Build.0 = Debug|Any CPU
		{1C46AAD0-4A35-4EE4-846F-CFB8342F01D1}.Release|Any CPU.ActiveCfg = Release|Any CPU
		{1C46AAD0-4A35-4EE4-846F-CFB8342F01D1}.Release|Any CPU.Build.0 = Release|Any CPU
		{06376DAA-2B3A-4829-A433-859937A4C2E9}.Debug|Any CPU.ActiveCfg = Debug|Any CPU
		{06376DAA-2B3A-4829-A433-859937A4C2E9}.Debug|Any CPU.Build.0 = Debug|Any CPU
		{06376DAA-2B3A-4829-A433-859937A4C2E9}.Release|Any CPU.ActiveCfg = Release|Any CPU
		{06376DAA-2B3A-4829-A433-859937A4C2E9}.Release|Any CPU.Build.0 = Release|Any CPU
		{03BBDB6B-C6DD-4528-908B-A2607C2DBBE8}.Debug|Any CPU.ActiveCfg = Debug|Any CPU
		{03BBDB6B-C6DD-4528-908B-A2607C2DBBE8}.Debug|Any CPU.Build.0 = Debug|Any CPU
		{03BBDB6B-C6DD-4528-908B-A2607C2DBBE8}.Release|Any CPU.ActiveCfg = Release|Any CPU
		{03BBDB6B-C6DD-4528-908B-A2607C2DBBE8}.Release|Any CPU.Build.0 = Release|Any CPU
		{7EE1031F-7711-4969-9309-C3A650293FB6}.Debug|Any CPU.ActiveCfg = Debug|Any CPU
		{7EE1031F-7711-4969-9309-C3A650293FB6}.Debug|Any CPU.Build.0 = Debug|Any CPU
		{7EE1031F-7711-4969-9309-C3A650293FB6}.Release|Any CPU.ActiveCfg = Release|Any CPU
		{7EE1031F-7711-4969-9309-C3A650293FB6}.Release|Any CPU.Build.0 = Release|Any CPU
		{FC2AE691-D636-439E-80B3-D1DF10CCEE8E}.Debug|Any CPU.ActiveCfg = Debug|Any CPU
		{FC2AE691-D636-439E-80B3-D1DF10CCEE8E}.Debug|Any CPU.Build.0 = Debug|Any CPU
		{FC2AE691-D636-439E-80B3-D1DF10CCEE8E}.Release|Any CPU.ActiveCfg = Release|Any CPU
		{FC2AE691-D636-439E-80B3-D1DF10CCEE8E}.Release|Any CPU.Build.0 = Release|Any CPU
		{436C457D-67BA-481D-9B4A-862EE7C96B55}.Debug|Any CPU.ActiveCfg = Debug|Any CPU
		{436C457D-67BA-481D-9B4A-862EE7C96B55}.Debug|Any CPU.Build.0 = Debug|Any CPU
		{436C457D-67BA-481D-9B4A-862EE7C96B55}.Release|Any CPU.ActiveCfg = Release|Any CPU
		{436C457D-67BA-481D-9B4A-862EE7C96B55}.Release|Any CPU.Build.0 = Release|Any CPU
		{C21A991D-A1F8-4020-AFB8-0C6944929DEC}.Debug|Any CPU.ActiveCfg = Debug|Any CPU
		{C21A991D-A1F8-4020-AFB8-0C6944929DEC}.Debug|Any CPU.Build.0 = Debug|Any CPU
		{C21A991D-A1F8-4020-AFB8-0C6944929DEC}.Release|Any CPU.ActiveCfg = Release|Any CPU
		{C21A991D-A1F8-4020-AFB8-0C6944929DEC}.Release|Any CPU.Build.0 = Release|Any CPU
		{545D2BA6-DEA4-4214-BE53-6C4B245E6251}.Debug|Any CPU.ActiveCfg = Debug|Any CPU
		{545D2BA6-DEA4-4214-BE53-6C4B245E6251}.Debug|Any CPU.Build.0 = Debug|Any CPU
		{545D2BA6-DEA4-4214-BE53-6C4B245E6251}.Release|Any CPU.ActiveCfg = Release|Any CPU
		{545D2BA6-DEA4-4214-BE53-6C4B245E6251}.Release|Any CPU.Build.0 = Release|Any CPU
		{02200122-A42D-48AC-85AE-C1D891448C76}.Debug|Any CPU.ActiveCfg = Debug|Any CPU
		{02200122-A42D-48AC-85AE-C1D891448C76}.Debug|Any CPU.Build.0 = Debug|Any CPU
		{02200122-A42D-48AC-85AE-C1D891448C76}.Release|Any CPU.ActiveCfg = Release|Any CPU
		{02200122-A42D-48AC-85AE-C1D891448C76}.Release|Any CPU.Build.0 = Release|Any CPU
	EndGlobalSection
	GlobalSection(SolutionProperties) = preSolution
		HideSolutionNode = FALSE
	EndGlobalSection
	GlobalSection(NestedProjects) = preSolution
		{16D27891-3F77-4464-AED9-E271D453698C} = {02E8DE51-2958-4529-B78B-5F33819C8889}
		{37F7BCD7-2E30-48B2-AD32-1BD7F31B969D} = {0F3FACC0-7DC4-4BBB-A7FA-245A722B70AC}
		{A95E6A48-6CBD-4F0C-A51A-ECA760A3D483} = {37F7BCD7-2E30-48B2-AD32-1BD7F31B969D}
		{1C46AAD0-4A35-4EE4-846F-CFB8342F01D1} = {8713CC41-6B6B-497B-97AC-B84E0050080B}
		{06376DAA-2B3A-4829-A433-859937A4C2E9} = {37F7BCD7-2E30-48B2-AD32-1BD7F31B969D}
		{03BBDB6B-C6DD-4528-908B-A2607C2DBBE8} = {37F7BCD7-2E30-48B2-AD32-1BD7F31B969D}
		{7EE1031F-7711-4969-9309-C3A650293FB6} = {8713CC41-6B6B-497B-97AC-B84E0050080B}
		{FC2AE691-D636-439E-80B3-D1DF10CCEE8E} = {8713CC41-6B6B-497B-97AC-B84E0050080B}
		{436C457D-67BA-481D-9B4A-862EE7C96B55} = {8713CC41-6B6B-497B-97AC-B84E0050080B}
		{C21A991D-A1F8-4020-AFB8-0C6944929DEC} = {4CEE225E-11BA-49CF-A4BC-B2D3EA85C383}
		{545D2BA6-DEA4-4214-BE53-6C4B245E6251} = {4CEE225E-11BA-49CF-A4BC-B2D3EA85C383}
		{02200122-A42D-48AC-85AE-C1D891448C76} = {8713CC41-6B6B-497B-97AC-B84E0050080B}
	EndGlobalSection
	GlobalSection(ExtensibilityGlobals) = postSolution
		SolutionGuid = {301A9A64-9B60-49E8-9532-D2BBD210C4AD}
	EndGlobalSection
EndGlobal
